
Microsoft Visual Studio Solution File, Format Version 12.00
# Visual Studio 15
VisualStudioVersion = 15.0.26430.13
MinimumVisualStudioVersion = 10.0.40219.1
Project("{FAE04EC0-301F-11D3-BF4B-00C04F79EFBC}") = "GeoNavigator", "GeoNavigator\GeoNavigator.csproj", "{49BD3421-F671-44BD-9E83-2E78AEC5E507}"
EndProject
Project("{FAE04EC0-301F-11D3-BF4B-00C04F79EFBC}") = "GeoNavigator.Server", "GeoNavigator.Server\GeoNavigator.Server.csproj", "{06002E42-BB34-4CF7-9C93-4BF909F7B513}"
EndProject
Global
	GlobalSection(SolutionConfigurationPlatforms) = preSolution
		Debug|Any CPU = Debug|Any CPU
		Release|Any CPU = Release|Any CPU
	EndGlobalSection
	GlobalSection(ProjectConfigurationPlatforms) = postSolution
		{49BD3421-F671-44BD-9E83-2E78AEC5E507}.Debug|Any CPU.ActiveCfg = Debug|Any CPU
		{49BD3421-F671-44BD-9E83-2E78AEC5E507}.Debug|Any CPU.Build.0 = Debug|Any CPU
		{49BD3421-F671-44BD-9E83-2E78AEC5E507}.Release|Any CPU.ActiveCfg = Release|Any CPU
		{49BD3421-F671-44BD-9E83-2E78AEC5E507}.Release|Any CPU.Build.0 = Release|Any CPU
		{06002E42-BB34-4CF7-9C93-4BF909F7B513}.Debug|Any CPU.ActiveCfg = Debug|Any CPU
		{06002E42-BB34-4CF7-9C93-4BF909F7B513}.Debug|Any CPU.Build.0 = Debug|Any CPU
		{06002E42-BB34-4CF7-9C93-4BF909F7B513}.Release|Any CPU.ActiveCfg = Release|Any CPU
		{06002E42-BB34-4CF7-9C93-4BF909F7B513}.Release|Any CPU.Build.0 = Release|Any CPU
	EndGlobalSection
	GlobalSection(SolutionProperties) = preSolution
		HideSolutionNode = FALSE
	EndGlobalSection
EndGlobal
